
Microsoft Visual Studio Solution File, Format Version 12.00
# Visual Studio Version 17
VisualStudioVersion = 17.7.34221.43
MinimumVisualStudioVersion = 10.0.40219.1
Project("{FAE04EC0-301F-11D3-BF4B-00C04F79EFBC}") = "ASS8part1", "ASS8part1\ASS8part1.csproj", "{5081660B-E6DF-4287-91D9-DD0B29A08693}"
EndProject
Global
	GlobalSection(SolutionConfigurationPlatforms) = preSolution
		Debug|Any CPU = Debug|Any CPU
		Release|Any CPU = Release|Any CPU
	EndGlobalSection
	GlobalSection(ProjectConfigurationPlatforms) = postSolution
		{5081660B-E6DF-4287-91D9-DD0B29A08693}.Debug|Any CPU.ActiveCfg = Debug|Any CPU
		{5081660B-E6DF-4287-91D9-DD0B29A08693}.Debug|Any CPU.Build.0 = Debug|Any CPU
		{5081660B-E6DF-4287-91D9-DD0B29A08693}.Release|Any CPU.ActiveCfg = Release|Any CPU
		{5081660B-E6DF-4287-91D9-DD0B29A08693}.Release|Any CPU.Build.0 = Release|Any CPU
	EndGlobalSection
	GlobalSection(SolutionProperties) = preSolution
		HideSolutionNode = FALSE
	EndGlobalSection
	GlobalSection(ExtensibilityGlobals) = postSolution
		SolutionGuid = {F302F5C6-9414-4934-A51E-70BA52F1D30B}
	EndGlobalSection
EndGlobal
